Microsoft Visual Studio Solution File, Format Version 12.00
# Visual Studio Version 17
VisualStudioVersion = 17.5.2.0
MinimumVisualStudioVersion = 10.0.40219.1
Project("{FAE04EC0-301F-11D3-BF4B-00C04F79EFBC}") = "INMOBILIARIA-JosiasTolaba", "INMOBILIARIA-JosiasTolaba.csproj", "{6C87CEDE-467F-8A7A-30F2-818209403AB3}"
EndProject
Global
	GlobalSection(SolutionConfigurationPlatforms) = preSolution
		Debug|Any CPU = Debug|Any CPU
		Release|Any CPU = Release|Any CPU
	EndGlobalSection
	GlobalSection(ProjectConfigurationPlatforms) = postSolution
		{6C87CEDE-467F-8A7A-30F2-818209403AB3}.Debug|Any CPU.ActiveCfg = Debug|Any CPU
		{6C87CEDE-467F-8A7A-30F2-818209403AB3}.Debug|Any CPU.Build.0 = Debug|Any CPU
		{6C87CEDE-467F-8A7A-30F2-818209403AB3}.Release|Any CPU.ActiveCfg = Release|Any CPU
		{6C87CEDE-467F-8A7A-30F2-818209403AB3}.Release|Any CPU.Build.0 = Release|Any CPU
	EndGlobalSection
	GlobalSection(SolutionProperties) = preSolution
		HideSolutionNode = FALSE
	EndGlobalSection
	GlobalSection(ExtensibilityGlobals) = postSolution
		SolutionGuid = {B5F5CDA7-3DF5-4318-B8EA-2EB3848E7D51}
	EndGlobalSection
EndGlobal
